
Microsoft Visual Studio Solution File, Format Version 12.00
# Visual Studio Version 17
VisualStudioVersion = 17.2.32516.85
MinimumVisualStudioVersion = 10.0.40219.1
Project("{FAE04EC0-301F-11D3-BF4B-00C04F79EFBC}") = "Dropdowns", "Dropdowns\Dropdowns.csproj", "{8C07FA1A-E0CA-411B-9175-BB53ACA9A0F1}"
EndProject
Global
	GlobalSection(SolutionConfigurationPlatforms) = preSolution
		Debug|Any CPU = Debug|Any CPU
		Release|Any CPU = Release|Any CPU
	EndGlobalSection
	GlobalSection(ProjectConfigurationPlatforms) = postSolution
		{8C07FA1A-E0CA-411B-9175-BB53ACA9A0F1}.Debug|Any CPU.ActiveCfg = Debug|Any CPU
		{8C07FA1A-E0CA-411B-9175-BB53ACA9A0F1}.Debug|Any CPU.Build.0 = Debug|Any CPU
		{8C07FA1A-E0CA-411B-9175-BB53ACA9A0F1}.Release|Any CPU.ActiveCfg = Release|Any CPU
		{8C07FA1A-E0CA-411B-9175-BB53ACA9A0F1}.Release|Any CPU.Build.0 = Release|Any CPU
	EndGlobalSection
	GlobalSection(SolutionProperties) = preSolution
		HideSolutionNode = FALSE
	EndGlobalSection
	GlobalSection(ExtensibilityGlobals) = postSolution
		SolutionGuid = {A6B0016B-4DAE-402A-851A-90BF6F28C4BF}
	EndGlobalSection
EndGlobal
